
Microsoft Visual Studio Solution File, Format Version 12.00
# Visual Studio Version 17
VisualStudioVersion = 17.7.34221.43
MinimumVisualStudioVersion = 10.0.40219.1
Project("{FAE04EC0-301F-11D3-BF4B-00C04F79EFBC}") = "PasswordGuess", "PasswordGuess.csproj", "{86A73E5E-37C2-4098-B4F0-BC5D27DD37AE}"
EndProject
Global
	GlobalSection(SolutionConfigurationPlatforms) = preSolution
		Debug|Any CPU = Debug|Any CPU
		Release|Any CPU = Release|Any CPU
	EndGlobalSection
	GlobalSection(ProjectConfigurationPlatforms) = postSolution
		{86A73E5E-37C2-4098-B4F0-BC5D27DD37AE}.Debug|Any CPU.ActiveCfg = Debug|Any CPU
		{86A73E5E-37C2-4098-B4F0-BC5D27DD37AE}.Debug|Any CPU.Build.0 = Debug|Any CPU
		{86A73E5E-37C2-4098-B4F0-BC5D27DD37AE}.Release|Any CPU.ActiveCfg = Release|Any CPU
		{86A73E5E-37C2-4098-B4F0-BC5D27DD37AE}.Release|Any CPU.Build.0 = Release|Any CPU
	EndGlobalSection
	GlobalSection(SolutionProperties) = preSolution
		HideSolutionNode = FALSE
	EndGlobalSection
	GlobalSection(ExtensibilityGlobals) = postSolution
		SolutionGuid = {7736E2B0-8EAA-4CDF-9BC9-FDE748EBCF1C}
	EndGlobalSection
EndGlobal
