
Microsoft Visual Studio Solution File, Format Version 12.00
# Visual Studio Version 17
VisualStudioVersion = 17.8.34525.116
MinimumVisualStudioVersion = 10.0.40219.1
Project("{8BC9CEB8-8B4A-11D0-8D11-00A0C91BC942}") = "05.HairSalon", "05.HairSalon.vcxproj", "{0BD57F70-9C5F-4BC8-BCC2-7AAC0A95ED24}"
EndProject
Global
	GlobalSection(SolutionConfigurationPlatforms) = preSolution
		Debug|x64 = Debug|x64
		Debug|x86 = Debug|x86
		Release|x64 = Release|x64
		Release|x86 = Release|x86
	EndGlobalSection
	GlobalSection(ProjectConfigurationPlatforms) = postSolution
		{0BD57F70-9C5F-4BC8-BCC2-7AAC0A95ED24}.Debug|x64.ActiveCfg = Debug|x64
		{0BD57F70-9C5F-4BC8-BCC2-7AAC0A95ED24}.Debug|x64.Build.0 = Debug|x64
		{0BD57F70-9C5F-4BC8-BCC2-7AAC0A95ED24}.Debug|x86.ActiveCfg = Debug|Win32
		{0BD57F70-9C5F-4BC8-BCC2-7AAC0A95ED24}.Debug|x86.Build.0 = Debug|Win32
		{0BD57F70-9C5F-4BC8-BCC2-7AAC0A95ED24}.Release|x64.ActiveCfg = Release|x64
		{0BD57F70-9C5F-4BC8-BCC2-7AAC0A95ED24}.Release|x64.Build.0 = Release|x64
		{0BD57F70-9C5F-4BC8-BCC2-7AAC0A95ED24}.Release|x86.ActiveCfg = Release|Win32
		{0BD57F70-9C5F-4BC8-BCC2-7AAC0A95ED24}.Release|x86.Build.0 = Release|Win32
	EndGlobalSection
	GlobalSection(SolutionProperties) = preSolution
		HideSolutionNode = FALSE
	EndGlobalSection
	GlobalSection(ExtensibilityGlobals) = postSolution
		SolutionGuid = {F436B585-8C56-4F76-955A-750D8CC02EA9}
	EndGlobalSection
EndGlobal
