
Microsoft Visual Studio Solution File, Format Version 12.00
# Visual Studio Version 17
VisualStudioVersion = 17.8.34511.84
MinimumVisualStudioVersion = 10.0.40219.1
Project("{888888A0-9F3D-457C-B088-3A5042F75D52}") = "08.OnTimefortheExam", "08.OnTimefortheExam.pyproj", "{B67E25B2-20A6-4EA6-A5D1-73B9BE03FD31}"
EndProject
Global
	GlobalSection(SolutionConfigurationPlatforms) = preSolution
		Debug|Any CPU = Debug|Any CPU
		Release|Any CPU = Release|Any CPU
	EndGlobalSection
	GlobalSection(ProjectConfigurationPlatforms) = postSolution
		{B67E25B2-20A6-4EA6-A5D1-73B9BE03FD31}.Debug|Any CPU.ActiveCfg = Debug|Any CPU
		{B67E25B2-20A6-4EA6-A5D1-73B9BE03FD31}.Release|Any CPU.ActiveCfg = Release|Any CPU
	EndGlobalSection
	GlobalSection(SolutionProperties) = preSolution
		HideSolutionNode = FALSE
	EndGlobalSection
	GlobalSection(ExtensibilityGlobals) = postSolution
		SolutionGuid = {31F473DE-FDC6-4BA6-9BD8-4C576569109E}
	EndGlobalSection
EndGlobal
