
Microsoft Visual Studio Solution File, Format Version 12.00
# Visual Studio Version 17
VisualStudioVersion = 17.7.34221.43
MinimumVisualStudioVersion = 10.0.40219.1
Project("{FAE04EC0-301F-11D3-BF4B-00C04F79EFBC}") = "01.ChangeList", "01.ChangeList.csproj", "{D305F835-0986-4BF9-AF92-91B8465E1F57}"
EndProject
Global
	GlobalSection(SolutionConfigurationPlatforms) = preSolution
		Debug|Any CPU = Debug|Any CPU
		Release|Any CPU = Release|Any CPU
	EndGlobalSection
	GlobalSection(ProjectConfigurationPlatforms) = postSolution
		{D305F835-0986-4BF9-AF92-91B8465E1F57}.Debug|Any CPU.ActiveCfg = Debug|Any CPU
		{D305F835-0986-4BF9-AF92-91B8465E1F57}.Debug|Any CPU.Build.0 = Debug|Any CPU
		{D305F835-0986-4BF9-AF92-91B8465E1F57}.Release|Any CPU.ActiveCfg = Release|Any CPU
		{D305F835-0986-4BF9-AF92-91B8465E1F57}.Release|Any CPU.Build.0 = Release|Any CPU
	EndGlobalSection
	GlobalSection(SolutionProperties) = preSolution
		HideSolutionNode = FALSE
	EndGlobalSection
	GlobalSection(ExtensibilityGlobals) = postSolution
		SolutionGuid = {9B719767-711C-416E-A558-7E6C9591C3FB}
	EndGlobalSection
EndGlobal
