
Microsoft Visual Studio Solution File, Format Version 12.00
# Visual Studio Version 17
VisualStudioVersion = 17.8.34408.163
MinimumVisualStudioVersion = 10.0.40219.1
Project("{FAE04EC0-301F-11D3-BF4B-00C04F79EFBC}") = "10.RageExpenses", "10.RageExpenses.csproj", "{88C66231-CAEE-4862-BF1D-5B8936241DB4}"
EndProject
Global
	GlobalSection(SolutionConfigurationPlatforms) = preSolution
		Debug|Any CPU = Debug|Any CPU
		Release|Any CPU = Release|Any CPU
	EndGlobalSection
	GlobalSection(ProjectConfigurationPlatforms) = postSolution
		{88C66231-CAEE-4862-BF1D-5B8936241DB4}.Debug|Any CPU.ActiveCfg = Debug|Any CPU
		{88C66231-CAEE-4862-BF1D-5B8936241DB4}.Debug|Any CPU.Build.0 = Debug|Any CPU
		{88C66231-CAEE-4862-BF1D-5B8936241DB4}.Release|Any CPU.ActiveCfg = Release|Any CPU
		{88C66231-CAEE-4862-BF1D-5B8936241DB4}.Release|Any CPU.Build.0 = Release|Any CPU
	EndGlobalSection
	GlobalSection(SolutionProperties) = preSolution
		HideSolutionNode = FALSE
	EndGlobalSection
	GlobalSection(ExtensibilityGlobals) = postSolution
		SolutionGuid = {C122F26A-A658-4D46-AC39-D6328AF48BA2}
	EndGlobalSection
EndGlobal
