
Microsoft Visual Studio Solution File, Format Version 12.00
# Visual Studio Version 17
VisualStudioVersion = 17.8.34511.84
MinimumVisualStudioVersion = 10.0.40219.1
Project("{FAE04EC0-301F-11D3-BF4B-00C04F79EFBC}") = "05.ExcellentGradeCheck", "05.ExcellentGradeCheck.csproj", "{91C5863F-B01A-4A9F-A8BA-FDFF0C0E33E6}"
EndProject
Global
	GlobalSection(SolutionConfigurationPlatforms) = preSolution
		Debug|Any CPU = Debug|Any CPU
		Release|Any CPU = Release|Any CPU
	EndGlobalSection
	GlobalSection(ProjectConfigurationPlatforms) = postSolution
		{91C5863F-B01A-4A9F-A8BA-FDFF0C0E33E6}.Debug|Any CPU.ActiveCfg = Debug|Any CPU
		{91C5863F-B01A-4A9F-A8BA-FDFF0C0E33E6}.Debug|Any CPU.Build.0 = Debug|Any CPU
		{91C5863F-B01A-4A9F-A8BA-FDFF0C0E33E6}.Release|Any CPU.ActiveCfg = Release|Any CPU
		{91C5863F-B01A-4A9F-A8BA-FDFF0C0E33E6}.Release|Any CPU.Build.0 = Release|Any CPU
	EndGlobalSection
	GlobalSection(SolutionProperties) = preSolution
		HideSolutionNode = FALSE
	EndGlobalSection
	GlobalSection(ExtensibilityGlobals) = postSolution
		SolutionGuid = {B3C81F93-D3F8-4155-945B-D0600FEBA7EA}
	EndGlobalSection
EndGlobal
