
Microsoft Visual Studio Solution File, Format Version 12.00
# Visual Studio Version 17
VisualStudioVersion = 17.8.34511.84
MinimumVisualStudioVersion = 10.0.40219.1
Project("{FAE04EC0-301F-11D3-BF4B-00C04F79EFBC}") = "01.ConsoleConverterUSDtoBGN", "01.ConsoleConverterUSDtoBGN.csproj", "{653B6780-A071-4423-B3A4-80DCAD97EEF3}"
EndProject
Global
	GlobalSection(SolutionConfigurationPlatforms) = preSolution
		Debug|Any CPU = Debug|Any CPU
		Release|Any CPU = Release|Any CPU
	EndGlobalSection
	GlobalSection(ProjectConfigurationPlatforms) = postSolution
		{653B6780-A071-4423-B3A4-80DCAD97EEF3}.Debug|Any CPU.ActiveCfg = Debug|Any CPU
		{653B6780-A071-4423-B3A4-80DCAD97EEF3}.Debug|Any CPU.Build.0 = Debug|Any CPU
		{653B6780-A071-4423-B3A4-80DCAD97EEF3}.Release|Any CPU.ActiveCfg = Release|Any CPU
		{653B6780-A071-4423-B3A4-80DCAD97EEF3}.Release|Any CPU.Build.0 = Release|Any CPU
	EndGlobalSection
	GlobalSection(SolutionProperties) = preSolution
		HideSolutionNode = FALSE
	EndGlobalSection
	GlobalSection(ExtensibilityGlobals) = postSolution
		SolutionGuid = {1A383205-6927-4ADA-ABA1-F2BFA6A83F69}
	EndGlobalSection
EndGlobal
