
Microsoft Visual Studio Solution File, Format Version 12.00
# Visual Studio Version 17
VisualStudioVersion = 17.7.34221.43
MinimumVisualStudioVersion = 10.0.40219.1
Project("{FAE04EC0-301F-11D3-BF4B-00C04F79EFBC}") = "01.NumbersFrom1to100", "01.NumbersFrom1to100.csproj", "{6E9C4DB7-EC64-482B-BCC5-F71CCAC95D39}"
EndProject
Global
	GlobalSection(SolutionConfigurationPlatforms) = preSolution
		Debug|Any CPU = Debug|Any CPU
		Release|Any CPU = Release|Any CPU
	EndGlobalSection
	GlobalSection(ProjectConfigurationPlatforms) = postSolution
		{6E9C4DB7-EC64-482B-BCC5-F71CCAC95D39}.Debug|Any CPU.ActiveCfg = Debug|Any CPU
		{6E9C4DB7-EC64-482B-BCC5-F71CCAC95D39}.Debug|Any CPU.Build.0 = Debug|Any CPU
		{6E9C4DB7-EC64-482B-BCC5-F71CCAC95D39}.Release|Any CPU.ActiveCfg = Release|Any CPU
		{6E9C4DB7-EC64-482B-BCC5-F71CCAC95D39}.Release|Any CPU.Build.0 = Release|Any CPU
	EndGlobalSection
	GlobalSection(SolutionProperties) = preSolution
		HideSolutionNode = FALSE
	EndGlobalSection
	GlobalSection(ExtensibilityGlobals) = postSolution
		SolutionGuid = {B735563D-50C2-457F-B251-2625E0124F3E}
	EndGlobalSection
EndGlobal
