
Microsoft Visual Studio Solution File, Format Version 12.00
# Visual Studio Version 17
VisualStudioVersion = 17.8.34408.163
MinimumVisualStudioVersion = 10.0.40219.1
Project("{FAE04EC0-301F-11D3-BF4B-00C04F79EFBC}") = "02.EnglishNameoftheLastDigit", "02.EnglishNameoftheLastDigit.csproj", "{90AB7E3A-C8CE-4DAA-B2D7-342FC0E740F2}"
EndProject
Global
	GlobalSection(SolutionConfigurationPlatforms) = preSolution
		Debug|Any CPU = Debug|Any CPU
		Release|Any CPU = Release|Any CPU
	EndGlobalSection
	GlobalSection(ProjectConfigurationPlatforms) = postSolution
		{90AB7E3A-C8CE-4DAA-B2D7-342FC0E740F2}.Debug|Any CPU.ActiveCfg = Debug|Any CPU
		{90AB7E3A-C8CE-4DAA-B2D7-342FC0E740F2}.Debug|Any CPU.Build.0 = Debug|Any CPU
		{90AB7E3A-C8CE-4DAA-B2D7-342FC0E740F2}.Release|Any CPU.ActiveCfg = Release|Any CPU
		{90AB7E3A-C8CE-4DAA-B2D7-342FC0E740F2}.Release|Any CPU.Build.0 = Release|Any CPU
	EndGlobalSection
	GlobalSection(SolutionProperties) = preSolution
		HideSolutionNode = FALSE
	EndGlobalSection
	GlobalSection(ExtensibilityGlobals) = postSolution
		SolutionGuid = {D17651DD-A557-4808-8F8C-C3CD96DFD4D4}
	EndGlobalSection
EndGlobal
