
Microsoft Visual Studio Solution File, Format Version 12.00
# Visual Studio Version 17
VisualStudioVersion = 17.8.34525.116
MinimumVisualStudioVersion = 10.0.40219.1
Project("{888888A0-9F3D-457C-B088-3A5042F75D52}") = "03.FinalCompetition", "03.FinalCompetition.pyproj", "{10DE9023-4DCB-4BAF-97D5-F78DAA140BC1}"
EndProject
Global
	GlobalSection(SolutionConfigurationPlatforms) = preSolution
		Debug|Any CPU = Debug|Any CPU
		Release|Any CPU = Release|Any CPU
	EndGlobalSection
	GlobalSection(ProjectConfigurationPlatforms) = postSolution
		{10DE9023-4DCB-4BAF-97D5-F78DAA140BC1}.Debug|Any CPU.ActiveCfg = Debug|Any CPU
		{10DE9023-4DCB-4BAF-97D5-F78DAA140BC1}.Release|Any CPU.ActiveCfg = Release|Any CPU
	EndGlobalSection
	GlobalSection(SolutionProperties) = preSolution
		HideSolutionNode = FALSE
	EndGlobalSection
	GlobalSection(ExtensibilityGlobals) = postSolution
		SolutionGuid = {F9CC51B5-6FF2-4AAE-9BB2-94F780A8E580}
	EndGlobalSection
EndGlobal
