
Microsoft Visual Studio Solution File, Format Version 12.00
# Visual Studio Version 17
VisualStudioVersion = 17.7.34221.43
MinimumVisualStudioVersion = 10.0.40219.1
Project("{FAE04EC0-301F-11D3-BF4B-00C04F79EFBC}") = "06.MaxNumber", "06.MaxNumber.csproj", "{20F5BFDF-52E5-41D7-A2CC-0E01125D5D04}"
EndProject
Global
	GlobalSection(SolutionConfigurationPlatforms) = preSolution
		Debug|Any CPU = Debug|Any CPU
		Release|Any CPU = Release|Any CPU
	EndGlobalSection
	GlobalSection(ProjectConfigurationPlatforms) = postSolution
		{20F5BFDF-52E5-41D7-A2CC-0E01125D5D04}.Debug|Any CPU.ActiveCfg = Debug|Any CPU
		{20F5BFDF-52E5-41D7-A2CC-0E01125D5D04}.Debug|Any CPU.Build.0 = Debug|Any CPU
		{20F5BFDF-52E5-41D7-A2CC-0E01125D5D04}.Release|Any CPU.ActiveCfg = Release|Any CPU
		{20F5BFDF-52E5-41D7-A2CC-0E01125D5D04}.Release|Any CPU.Build.0 = Release|Any CPU
	EndGlobalSection
	GlobalSection(SolutionProperties) = preSolution
		HideSolutionNode = FALSE
	EndGlobalSection
	GlobalSection(ExtensibilityGlobals) = postSolution
		SolutionGuid = {88845EBB-B246-4F66-8784-EACF29AA1FB5}
	EndGlobalSection
EndGlobal
