
Microsoft Visual Studio Solution File, Format Version 12.00
# Visual Studio Version 17
VisualStudioVersion = 17.8.34511.84
MinimumVisualStudioVersion = 10.0.40219.1
Project("{8BC9CEB8-8B4A-11D0-8D11-00A0C91BC942}") = "09.FishTank", "09.FishTank.vcxproj", "{42FC40B6-56A0-428D-8ED4-E3A3368D2E01}"
EndProject
Global
	GlobalSection(SolutionConfigurationPlatforms) = preSolution
		Debug|x64 = Debug|x64
		Debug|x86 = Debug|x86
		Release|x64 = Release|x64
		Release|x86 = Release|x86
	EndGlobalSection
	GlobalSection(ProjectConfigurationPlatforms) = postSolution
		{42FC40B6-56A0-428D-8ED4-E3A3368D2E01}.Debug|x64.ActiveCfg = Debug|x64
		{42FC40B6-56A0-428D-8ED4-E3A3368D2E01}.Debug|x64.Build.0 = Debug|x64
		{42FC40B6-56A0-428D-8ED4-E3A3368D2E01}.Debug|x86.ActiveCfg = Debug|Win32
		{42FC40B6-56A0-428D-8ED4-E3A3368D2E01}.Debug|x86.Build.0 = Debug|Win32
		{42FC40B6-56A0-428D-8ED4-E3A3368D2E01}.Release|x64.ActiveCfg = Release|x64
		{42FC40B6-56A0-428D-8ED4-E3A3368D2E01}.Release|x64.Build.0 = Release|x64
		{42FC40B6-56A0-428D-8ED4-E3A3368D2E01}.Release|x86.ActiveCfg = Release|Win32
		{42FC40B6-56A0-428D-8ED4-E3A3368D2E01}.Release|x86.Build.0 = Release|Win32
	EndGlobalSection
	GlobalSection(SolutionProperties) = preSolution
		HideSolutionNode = FALSE
	EndGlobalSection
	GlobalSection(ExtensibilityGlobals) = postSolution
		SolutionGuid = {CA232427-0E65-4BCD-8541-A39C7A83DBCB}
	EndGlobalSection
EndGlobal
