
Microsoft Visual Studio Solution File, Format Version 12.00
# Visual Studio Version 17
VisualStudioVersion = 17.8.34511.84
MinimumVisualStudioVersion = 10.0.40219.1
Project("{FAE04EC0-301F-11D3-BF4B-00C04F79EFBC}") = "02.CondenseArraytoNumber", "02.CondenseArraytoNumber.csproj", "{14D5E27B-C08E-4F00-AFC8-32B0E1FCAD33}"
EndProject
Global
	GlobalSection(SolutionConfigurationPlatforms) = preSolution
		Debug|Any CPU = Debug|Any CPU
		Release|Any CPU = Release|Any CPU
	EndGlobalSection
	GlobalSection(ProjectConfigurationPlatforms) = postSolution
		{14D5E27B-C08E-4F00-AFC8-32B0E1FCAD33}.Debug|Any CPU.ActiveCfg = Debug|Any CPU
		{14D5E27B-C08E-4F00-AFC8-32B0E1FCAD33}.Debug|Any CPU.Build.0 = Debug|Any CPU
		{14D5E27B-C08E-4F00-AFC8-32B0E1FCAD33}.Release|Any CPU.ActiveCfg = Release|Any CPU
		{14D5E27B-C08E-4F00-AFC8-32B0E1FCAD33}.Release|Any CPU.Build.0 = Release|Any CPU
	EndGlobalSection
	GlobalSection(SolutionProperties) = preSolution
		HideSolutionNode = FALSE
	EndGlobalSection
	GlobalSection(ExtensibilityGlobals) = postSolution
		SolutionGuid = {98FDEA5D-120A-4B24-8F2D-DFEA56361BF6}
	EndGlobalSection
EndGlobal
