
Microsoft Visual Studio Solution File, Format Version 12.00
# Visual Studio Version 17
VisualStudioVersion = 17.7.34221.43
MinimumVisualStudioVersion = 10.0.40219.1
Project("{FAE04EC0-301F-11D3-BF4B-00C04F79EFBC}") = "07.GreaterofTwoValues", "07.GreaterofTwoValues.csproj", "{9390F782-CDFD-4FC4-B012-CB6F44415F6B}"
EndProject
Global
	GlobalSection(SolutionConfigurationPlatforms) = preSolution
		Debug|Any CPU = Debug|Any CPU
		Release|Any CPU = Release|Any CPU
	EndGlobalSection
	GlobalSection(ProjectConfigurationPlatforms) = postSolution
		{9390F782-CDFD-4FC4-B012-CB6F44415F6B}.Debug|Any CPU.ActiveCfg = Debug|Any CPU
		{9390F782-CDFD-4FC4-B012-CB6F44415F6B}.Debug|Any CPU.Build.0 = Debug|Any CPU
		{9390F782-CDFD-4FC4-B012-CB6F44415F6B}.Release|Any CPU.ActiveCfg = Release|Any CPU
		{9390F782-CDFD-4FC4-B012-CB6F44415F6B}.Release|Any CPU.Build.0 = Release|Any CPU
	EndGlobalSection
	GlobalSection(SolutionProperties) = preSolution
		HideSolutionNode = FALSE
	EndGlobalSection
	GlobalSection(ExtensibilityGlobals) = postSolution
		SolutionGuid = {2A8B6EE8-9279-413B-95E2-E39DD5024F5B}
	EndGlobalSection
EndGlobal
