
Microsoft Visual Studio Solution File, Format Version 12.00
# Visual Studio Version 17
VisualStudioVersion = 17.7.34221.43
MinimumVisualStudioVersion = 10.0.40219.1
Project("{FAE04EC0-301F-11D3-BF4B-00C04F79EFBC}") = "04.EvenPowersof2", "04.EvenPowersof2.csproj", "{21AD5B47-34FE-4446-9F3D-F66E765767DF}"
EndProject
Global
	GlobalSection(SolutionConfigurationPlatforms) = preSolution
		Debug|Any CPU = Debug|Any CPU
		Release|Any CPU = Release|Any CPU
	EndGlobalSection
	GlobalSection(ProjectConfigurationPlatforms) = postSolution
		{21AD5B47-34FE-4446-9F3D-F66E765767DF}.Debug|Any CPU.ActiveCfg = Debug|Any CPU
		{21AD5B47-34FE-4446-9F3D-F66E765767DF}.Debug|Any CPU.Build.0 = Debug|Any CPU
		{21AD5B47-34FE-4446-9F3D-F66E765767DF}.Release|Any CPU.ActiveCfg = Release|Any CPU
		{21AD5B47-34FE-4446-9F3D-F66E765767DF}.Release|Any CPU.Build.0 = Release|Any CPU
	EndGlobalSection
	GlobalSection(SolutionProperties) = preSolution
		HideSolutionNode = FALSE
	EndGlobalSection
	GlobalSection(ExtensibilityGlobals) = postSolution
		SolutionGuid = {B46F1398-571E-4014-BC44-A50F5D721F30}
	EndGlobalSection
EndGlobal
