
Microsoft Visual Studio Solution File, Format Version 12.00
# Visual Studio Version 17
VisualStudioVersion = 17.8.34511.84
MinimumVisualStudioVersion = 10.0.40219.1
Project("{888888A0-9F3D-457C-B088-3A5042F75D52}") = "05.Journey", "05.Journey.pyproj", "{8FD94CE6-B890-4F36-910E-E641F5081DC4}"
EndProject
Global
	GlobalSection(SolutionConfigurationPlatforms) = preSolution
		Debug|Any CPU = Debug|Any CPU
		Release|Any CPU = Release|Any CPU
	EndGlobalSection
	GlobalSection(ProjectConfigurationPlatforms) = postSolution
		{8FD94CE6-B890-4F36-910E-E641F5081DC4}.Debug|Any CPU.ActiveCfg = Debug|Any CPU
		{8FD94CE6-B890-4F36-910E-E641F5081DC4}.Release|Any CPU.ActiveCfg = Release|Any CPU
	EndGlobalSection
	GlobalSection(SolutionProperties) = preSolution
		HideSolutionNode = FALSE
	EndGlobalSection
	GlobalSection(ExtensibilityGlobals) = postSolution
		SolutionGuid = {3D092B02-F421-47E2-9F9F-D441C7A7C269}
	EndGlobalSection
EndGlobal
