
Microsoft Visual Studio Solution File, Format Version 12.00
# Visual Studio Version 17
VisualStudioVersion = 17.7.34221.43
MinimumVisualStudioVersion = 10.0.40219.1
Project("{FAE04EC0-301F-11D3-BF4B-00C04F79EFBC}") = "02.Password", "02.Password.csproj", "{0863D33D-B9A0-4EDA-A42F-3E1654002F41}"
EndProject
Global
	GlobalSection(SolutionConfigurationPlatforms) = preSolution
		Debug|Any CPU = Debug|Any CPU
		Release|Any CPU = Release|Any CPU
	EndGlobalSection
	GlobalSection(ProjectConfigurationPlatforms) = postSolution
		{0863D33D-B9A0-4EDA-A42F-3E1654002F41}.Debug|Any CPU.ActiveCfg = Debug|Any CPU
		{0863D33D-B9A0-4EDA-A42F-3E1654002F41}.Debug|Any CPU.Build.0 = Debug|Any CPU
		{0863D33D-B9A0-4EDA-A42F-3E1654002F41}.Release|Any CPU.ActiveCfg = Release|Any CPU
		{0863D33D-B9A0-4EDA-A42F-3E1654002F41}.Release|Any CPU.Build.0 = Release|Any CPU
	EndGlobalSection
	GlobalSection(SolutionProperties) = preSolution
		HideSolutionNode = FALSE
	EndGlobalSection
	GlobalSection(ExtensibilityGlobals) = postSolution
		SolutionGuid = {3CBDCBA6-FF1E-48A7-A81E-6E66E462A80C}
	EndGlobalSection
EndGlobal
