
Microsoft Visual Studio Solution File, Format Version 12.00
# Visual Studio Version 17
VisualStudioVersion = 17.8.34330.188
MinimumVisualStudioVersion = 10.0.40219.1
Project("{FAE04EC0-301F-11D3-BF4B-00C04F79EFBC}") = "02.MagicNumber", "02.MagicNumber.csproj", "{DF5A60CB-89E9-48E9-9070-84838F571333}"
EndProject
Global
	GlobalSection(SolutionConfigurationPlatforms) = preSolution
		Debug|Any CPU = Debug|Any CPU
		Release|Any CPU = Release|Any CPU
	EndGlobalSection
	GlobalSection(ProjectConfigurationPlatforms) = postSolution
		{DF5A60CB-89E9-48E9-9070-84838F571333}.Debug|Any CPU.ActiveCfg = Debug|Any CPU
		{DF5A60CB-89E9-48E9-9070-84838F571333}.Debug|Any CPU.Build.0 = Debug|Any CPU
		{DF5A60CB-89E9-48E9-9070-84838F571333}.Release|Any CPU.ActiveCfg = Release|Any CPU
		{DF5A60CB-89E9-48E9-9070-84838F571333}.Release|Any CPU.Build.0 = Release|Any CPU
	EndGlobalSection
	GlobalSection(SolutionProperties) = preSolution
		HideSolutionNode = FALSE
	EndGlobalSection
	GlobalSection(ExtensibilityGlobals) = postSolution
		SolutionGuid = {68FFAED9-4B43-4180-BD74-6AACA7F82C8C}
	EndGlobalSection
EndGlobal
