
Microsoft Visual Studio Solution File, Format Version 12.00
# Visual Studio Version 17
VisualStudioVersion = 17.8.34511.84
MinimumVisualStudioVersion = 10.0.40219.1
Project("{8BC9CEB8-8B4A-11D0-8D11-00A0C91BC942}") = "04.PasswordGuess", "04.PasswordGuess.vcxproj", "{0678031B-2C88-4B4B-A942-C14C3355AF2F}"
EndProject
Global
	GlobalSection(SolutionConfigurationPlatforms) = preSolution
		Debug|x64 = Debug|x64
		Debug|x86 = Debug|x86
		Release|x64 = Release|x64
		Release|x86 = Release|x86
	EndGlobalSection
	GlobalSection(ProjectConfigurationPlatforms) = postSolution
		{0678031B-2C88-4B4B-A942-C14C3355AF2F}.Debug|x64.ActiveCfg = Debug|x64
		{0678031B-2C88-4B4B-A942-C14C3355AF2F}.Debug|x64.Build.0 = Debug|x64
		{0678031B-2C88-4B4B-A942-C14C3355AF2F}.Debug|x86.ActiveCfg = Debug|Win32
		{0678031B-2C88-4B4B-A942-C14C3355AF2F}.Debug|x86.Build.0 = Debug|Win32
		{0678031B-2C88-4B4B-A942-C14C3355AF2F}.Release|x64.ActiveCfg = Release|x64
		{0678031B-2C88-4B4B-A942-C14C3355AF2F}.Release|x64.Build.0 = Release|x64
		{0678031B-2C88-4B4B-A942-C14C3355AF2F}.Release|x86.ActiveCfg = Release|Win32
		{0678031B-2C88-4B4B-A942-C14C3355AF2F}.Release|x86.Build.0 = Release|Win32
	EndGlobalSection
	GlobalSection(SolutionProperties) = preSolution
		HideSolutionNode = FALSE
	EndGlobalSection
	GlobalSection(ExtensibilityGlobals) = postSolution
		SolutionGuid = {3249B6F3-D72F-4A02-A868-36C8FB53D0C4}
	EndGlobalSection
EndGlobal
