
Microsoft Visual Studio Solution File, Format Version 12.00
# Visual Studio Version 17
VisualStudioVersion = 17.8.34511.84
MinimumVisualStudioVersion = 10.0.40219.1
Project("{888888A0-9F3D-457C-B088-3A5042F75D52}") = "11.FruitShop", "11.FruitShop.pyproj", "{465BC28D-3F21-47B4-B713-55EFEC655242}"
EndProject
Global
	GlobalSection(SolutionConfigurationPlatforms) = preSolution
		Debug|Any CPU = Debug|Any CPU
		Release|Any CPU = Release|Any CPU
	EndGlobalSection
	GlobalSection(ProjectConfigurationPlatforms) = postSolution
		{465BC28D-3F21-47B4-B713-55EFEC655242}.Debug|Any CPU.ActiveCfg = Debug|Any CPU
		{465BC28D-3F21-47B4-B713-55EFEC655242}.Release|Any CPU.ActiveCfg = Release|Any CPU
	EndGlobalSection
	GlobalSection(SolutionProperties) = preSolution
		HideSolutionNode = FALSE
	EndGlobalSection
	GlobalSection(ExtensibilityGlobals) = postSolution
		SolutionGuid = {A0D2AA13-8A90-4DE2-B938-7745974C55F0}
	EndGlobalSection
EndGlobal
