
Microsoft Visual Studio Solution File, Format Version 12.00
# Visual Studio Version 17
VisualStudioVersion = 17.8.34408.163
MinimumVisualStudioVersion = 10.0.40219.1
Project("{8BC9CEB8-8B4A-11D0-8D11-00A0C91BC942}") = "10.OddEvenSum", "10.OddEvenSum.vcxproj", "{2F884480-31F5-4752-8E6C-746B4695EC1A}"
EndProject
Global
	GlobalSection(SolutionConfigurationPlatforms) = preSolution
		Debug|x64 = Debug|x64
		Debug|x86 = Debug|x86
		Release|x64 = Release|x64
		Release|x86 = Release|x86
	EndGlobalSection
	GlobalSection(ProjectConfigurationPlatforms) = postSolution
		{2F884480-31F5-4752-8E6C-746B4695EC1A}.Debug|x64.ActiveCfg = Debug|x64
		{2F884480-31F5-4752-8E6C-746B4695EC1A}.Debug|x64.Build.0 = Debug|x64
		{2F884480-31F5-4752-8E6C-746B4695EC1A}.Debug|x86.ActiveCfg = Debug|Win32
		{2F884480-31F5-4752-8E6C-746B4695EC1A}.Debug|x86.Build.0 = Debug|Win32
		{2F884480-31F5-4752-8E6C-746B4695EC1A}.Release|x64.ActiveCfg = Release|x64
		{2F884480-31F5-4752-8E6C-746B4695EC1A}.Release|x64.Build.0 = Release|x64
		{2F884480-31F5-4752-8E6C-746B4695EC1A}.Release|x86.ActiveCfg = Release|Win32
		{2F884480-31F5-4752-8E6C-746B4695EC1A}.Release|x86.Build.0 = Release|Win32
	EndGlobalSection
	GlobalSection(SolutionProperties) = preSolution
		HideSolutionNode = FALSE
	EndGlobalSection
	GlobalSection(ExtensibilityGlobals) = postSolution
		SolutionGuid = {B23CC668-55DD-4B44-8BD4-8D457973A677}
	EndGlobalSection
EndGlobal
