
Microsoft Visual Studio Solution File, Format Version 12.00
# Visual Studio Version 17
VisualStudioVersion = 17.8.34408.163
MinimumVisualStudioVersion = 10.0.40219.1
Project("{FAE04EC0-301F-11D3-BF4B-00C04F79EFBC}") = "01.ConvertMeterstoKilometers", "01.ConvertMeterstoKilometers.csproj", "{F445FC9D-834F-4363-A991-63B81ED89640}"
EndProject
Global
	GlobalSection(SolutionConfigurationPlatforms) = preSolution
		Debug|Any CPU = Debug|Any CPU
		Release|Any CPU = Release|Any CPU
	EndGlobalSection
	GlobalSection(ProjectConfigurationPlatforms) = postSolution
		{F445FC9D-834F-4363-A991-63B81ED89640}.Debug|Any CPU.ActiveCfg = Debug|Any CPU
		{F445FC9D-834F-4363-A991-63B81ED89640}.Debug|Any CPU.Build.0 = Debug|Any CPU
		{F445FC9D-834F-4363-A991-63B81ED89640}.Release|Any CPU.ActiveCfg = Release|Any CPU
		{F445FC9D-834F-4363-A991-63B81ED89640}.Release|Any CPU.Build.0 = Release|Any CPU
	EndGlobalSection
	GlobalSection(SolutionProperties) = preSolution
		HideSolutionNode = FALSE
	EndGlobalSection
	GlobalSection(ExtensibilityGlobals) = postSolution
		SolutionGuid = {35385248-6747-4B39-9BCC-2248784C1978}
	EndGlobalSection
EndGlobal
