
Microsoft Visual Studio Solution File, Format Version 12.00
# Visual Studio Version 17
VisualStudioVersion = 17.7.34221.43
MinimumVisualStudioVersion = 10.0.40219.1
Project("{FAE04EC0-301F-11D3-BF4B-00C04F79EFBC}") = "06.NumberinRange", "06.NumberinRange.csproj", "{CF423866-6BDD-421F-898B-89CA86E4F26E}"
EndProject
Global
	GlobalSection(SolutionConfigurationPlatforms) = preSolution
		Debug|Any CPU = Debug|Any CPU
		Release|Any CPU = Release|Any CPU
	EndGlobalSection
	GlobalSection(ProjectConfigurationPlatforms) = postSolution
		{CF423866-6BDD-421F-898B-89CA86E4F26E}.Debug|Any CPU.ActiveCfg = Debug|Any CPU
		{CF423866-6BDD-421F-898B-89CA86E4F26E}.Debug|Any CPU.Build.0 = Debug|Any CPU
		{CF423866-6BDD-421F-898B-89CA86E4F26E}.Release|Any CPU.ActiveCfg = Release|Any CPU
		{CF423866-6BDD-421F-898B-89CA86E4F26E}.Release|Any CPU.Build.0 = Release|Any CPU
	EndGlobalSection
	GlobalSection(SolutionProperties) = preSolution
		HideSolutionNode = FALSE
	EndGlobalSection
	GlobalSection(ExtensibilityGlobals) = postSolution
		SolutionGuid = {B7F1B9AF-246D-4DA5-BEF0-5F81B44B4D5A}
	EndGlobalSection
EndGlobal
