
Microsoft Visual Studio Solution File, Format Version 12.00
# Visual Studio Version 17
VisualStudioVersion = 17.7.34221.43
MinimumVisualStudioVersion = 10.0.40219.1
Project("{FAE04EC0-301F-11D3-BF4B-00C04F79EFBC}") = "ConcatenateData", "ConcatenateData.csproj", "{251C1480-F420-43AD-9152-4A98B301CF0D}"
EndProject
Global
	GlobalSection(SolutionConfigurationPlatforms) = preSolution
		Debug|Any CPU = Debug|Any CPU
		Release|Any CPU = Release|Any CPU
	EndGlobalSection
	GlobalSection(ProjectConfigurationPlatforms) = postSolution
		{251C1480-F420-43AD-9152-4A98B301CF0D}.Debug|Any CPU.ActiveCfg = Debug|Any CPU
		{251C1480-F420-43AD-9152-4A98B301CF0D}.Debug|Any CPU.Build.0 = Debug|Any CPU
		{251C1480-F420-43AD-9152-4A98B301CF0D}.Release|Any CPU.ActiveCfg = Release|Any CPU
		{251C1480-F420-43AD-9152-4A98B301CF0D}.Release|Any CPU.Build.0 = Release|Any CPU
	EndGlobalSection
	GlobalSection(SolutionProperties) = preSolution
		HideSolutionNode = FALSE
	EndGlobalSection
	GlobalSection(ExtensibilityGlobals) = postSolution
		SolutionGuid = {4EC968DD-6E7E-44F1-9099-9C2B1BCCF726}
	EndGlobalSection
EndGlobal
