
Microsoft Visual Studio Solution File, Format Version 12.00
# Visual Studio Version 17
VisualStudioVersion = 17.7.34221.43
MinimumVisualStudioVersion = 10.0.40219.1
Project("{FAE04EC0-301F-11D3-BF4B-00C04F79EFBC}") = "HelloSoftUni", "HelloSoftUni\HelloSoftUni.csproj", "{0A3E67B7-B967-4461-A889-C86B2692B938}"
EndProject
Global
	GlobalSection(SolutionConfigurationPlatforms) = preSolution
		Debug|Any CPU = Debug|Any CPU
		Release|Any CPU = Release|Any CPU
	EndGlobalSection
	GlobalSection(ProjectConfigurationPlatforms) = postSolution
		{0A3E67B7-B967-4461-A889-C86B2692B938}.Debug|Any CPU.ActiveCfg = Debug|Any CPU
		{0A3E67B7-B967-4461-A889-C86B2692B938}.Debug|Any CPU.Build.0 = Debug|Any CPU
		{0A3E67B7-B967-4461-A889-C86B2692B938}.Release|Any CPU.ActiveCfg = Release|Any CPU
		{0A3E67B7-B967-4461-A889-C86B2692B938}.Release|Any CPU.Build.0 = Release|Any CPU
	EndGlobalSection
	GlobalSection(SolutionProperties) = preSolution
		HideSolutionNode = FALSE
	EndGlobalSection
	GlobalSection(ExtensibilityGlobals) = postSolution
		SolutionGuid = {EA692C84-C3B4-4AD7-96F3-2E71FD5E9B86}
	EndGlobalSection
EndGlobal
