
Microsoft Visual Studio Solution File, Format Version 12.00
# Visual Studio Version 17
VisualStudioVersion = 17.8.34525.116
MinimumVisualStudioVersion = 10.0.40219.1
Project("{8BC9CEB8-8B4A-11D0-8D11-00A0C91BC942}") = "02.Password", "02.Password.vcxproj", "{DA19E7A9-90D8-4765-BDF8-3D725AB1C53E}"
EndProject
Global
	GlobalSection(SolutionConfigurationPlatforms) = preSolution
		Debug|x64 = Debug|x64
		Debug|x86 = Debug|x86
		Release|x64 = Release|x64
		Release|x86 = Release|x86
	EndGlobalSection
	GlobalSection(ProjectConfigurationPlatforms) = postSolution
		{DA19E7A9-90D8-4765-BDF8-3D725AB1C53E}.Debug|x64.ActiveCfg = Debug|x64
		{DA19E7A9-90D8-4765-BDF8-3D725AB1C53E}.Debug|x64.Build.0 = Debug|x64
		{DA19E7A9-90D8-4765-BDF8-3D725AB1C53E}.Debug|x86.ActiveCfg = Debug|Win32
		{DA19E7A9-90D8-4765-BDF8-3D725AB1C53E}.Debug|x86.Build.0 = Debug|Win32
		{DA19E7A9-90D8-4765-BDF8-3D725AB1C53E}.Release|x64.ActiveCfg = Release|x64
		{DA19E7A9-90D8-4765-BDF8-3D725AB1C53E}.Release|x64.Build.0 = Release|x64
		{DA19E7A9-90D8-4765-BDF8-3D725AB1C53E}.Release|x86.ActiveCfg = Release|Win32
		{DA19E7A9-90D8-4765-BDF8-3D725AB1C53E}.Release|x86.Build.0 = Release|Win32
	EndGlobalSection
	GlobalSection(SolutionProperties) = preSolution
		HideSolutionNode = FALSE
	EndGlobalSection
	GlobalSection(ExtensibilityGlobals) = postSolution
		SolutionGuid = {74531392-53D9-4D7B-B221-584510E52060}
	EndGlobalSection
EndGlobal
