
Microsoft Visual Studio Solution File, Format Version 12.00
# Visual Studio Version 17
VisualStudioVersion = 17.8.34511.84
MinimumVisualStudioVersion = 10.0.40219.1
Project("{FAE04EC0-301F-11D3-BF4B-00C04F79EFBC}") = "06.ReversedChars", "06.ReversedChars.csproj", "{CFFD8E18-59C1-449E-87A4-441FE5EA6048}"
EndProject
Global
	GlobalSection(SolutionConfigurationPlatforms) = preSolution
		Debug|Any CPU = Debug|Any CPU
		Release|Any CPU = Release|Any CPU
	EndGlobalSection
	GlobalSection(ProjectConfigurationPlatforms) = postSolution
		{CFFD8E18-59C1-449E-87A4-441FE5EA6048}.Debug|Any CPU.ActiveCfg = Debug|Any CPU
		{CFFD8E18-59C1-449E-87A4-441FE5EA6048}.Debug|Any CPU.Build.0 = Debug|Any CPU
		{CFFD8E18-59C1-449E-87A4-441FE5EA6048}.Release|Any CPU.ActiveCfg = Release|Any CPU
		{CFFD8E18-59C1-449E-87A4-441FE5EA6048}.Release|Any CPU.Build.0 = Release|Any CPU
	EndGlobalSection
	GlobalSection(SolutionProperties) = preSolution
		HideSolutionNode = FALSE
	EndGlobalSection
	GlobalSection(ExtensibilityGlobals) = postSolution
		SolutionGuid = {4C81AE71-6323-4FAB-8FA3-2FEACEEC5191}
	EndGlobalSection
EndGlobal
