
Microsoft Visual Studio Solution File, Format Version 12.00
# Visual Studio Version 17
VisualStudioVersion = 17.8.34408.163
MinimumVisualStudioVersion = 10.0.40219.1
Project("{8BC9CEB8-8B4A-11D0-8D11-00A0C91BC942}") = "02.NumbersNto1", "02.NumbersNto1.vcxproj", "{C0291A11-9CE1-4877-9631-243752743696}"
EndProject
Global
	GlobalSection(SolutionConfigurationPlatforms) = preSolution
		Debug|x64 = Debug|x64
		Debug|x86 = Debug|x86
		Release|x64 = Release|x64
		Release|x86 = Release|x86
	EndGlobalSection
	GlobalSection(ProjectConfigurationPlatforms) = postSolution
		{C0291A11-9CE1-4877-9631-243752743696}.Debug|x64.ActiveCfg = Debug|x64
		{C0291A11-9CE1-4877-9631-243752743696}.Debug|x64.Build.0 = Debug|x64
		{C0291A11-9CE1-4877-9631-243752743696}.Debug|x86.ActiveCfg = Debug|Win32
		{C0291A11-9CE1-4877-9631-243752743696}.Debug|x86.Build.0 = Debug|Win32
		{C0291A11-9CE1-4877-9631-243752743696}.Release|x64.ActiveCfg = Release|x64
		{C0291A11-9CE1-4877-9631-243752743696}.Release|x64.Build.0 = Release|x64
		{C0291A11-9CE1-4877-9631-243752743696}.Release|x86.ActiveCfg = Release|Win32
		{C0291A11-9CE1-4877-9631-243752743696}.Release|x86.Build.0 = Release|Win32
	EndGlobalSection
	GlobalSection(SolutionProperties) = preSolution
		HideSolutionNode = FALSE
	EndGlobalSection
	GlobalSection(ExtensibilityGlobals) = postSolution
		SolutionGuid = {7D309C5D-7971-40E1-B140-78CA36EA3C75}
	EndGlobalSection
EndGlobal
