
Microsoft Visual Studio Solution File, Format Version 12.00
# Visual Studio Version 17
VisualStudioVersion = 17.8.34511.84
MinimumVisualStudioVersion = 10.0.40219.1
Project("{FAE04EC0-301F-11D3-BF4B-00C04F79EFBC}") = "02.PoundstoDollars", "02.PoundstoDollars.csproj", "{0DB360D8-3CB7-42F5-94D4-C61D6ED8E8D8}"
EndProject
Global
	GlobalSection(SolutionConfigurationPlatforms) = preSolution
		Debug|Any CPU = Debug|Any CPU
		Release|Any CPU = Release|Any CPU
	EndGlobalSection
	GlobalSection(ProjectConfigurationPlatforms) = postSolution
		{0DB360D8-3CB7-42F5-94D4-C61D6ED8E8D8}.Debug|Any CPU.ActiveCfg = Debug|Any CPU
		{0DB360D8-3CB7-42F5-94D4-C61D6ED8E8D8}.Debug|Any CPU.Build.0 = Debug|Any CPU
		{0DB360D8-3CB7-42F5-94D4-C61D6ED8E8D8}.Release|Any CPU.ActiveCfg = Release|Any CPU
		{0DB360D8-3CB7-42F5-94D4-C61D6ED8E8D8}.Release|Any CPU.Build.0 = Release|Any CPU
	EndGlobalSection
	GlobalSection(SolutionProperties) = preSolution
		HideSolutionNode = FALSE
	EndGlobalSection
	GlobalSection(ExtensibilityGlobals) = postSolution
		SolutionGuid = {D409EC2A-0B8D-4B23-94BA-75C197C932BE}
	EndGlobalSection
EndGlobal
