
Microsoft Visual Studio Solution File, Format Version 12.00
# Visual Studio Version 17
VisualStudioVersion = 17.8.34525.116
MinimumVisualStudioVersion = 10.0.40219.1
Project("{888888A0-9F3D-457C-B088-3A5042F75D52}") = "05.Everest", "05.Everest.pyproj", "{5349D9B7-D0FE-45C5-869B-697A93343D01}"
EndProject
Global
	GlobalSection(SolutionConfigurationPlatforms) = preSolution
		Debug|Any CPU = Debug|Any CPU
		Release|Any CPU = Release|Any CPU
	EndGlobalSection
	GlobalSection(ProjectConfigurationPlatforms) = postSolution
		{5349D9B7-D0FE-45C5-869B-697A93343D01}.Debug|Any CPU.ActiveCfg = Debug|Any CPU
		{5349D9B7-D0FE-45C5-869B-697A93343D01}.Release|Any CPU.ActiveCfg = Release|Any CPU
	EndGlobalSection
	GlobalSection(SolutionProperties) = preSolution
		HideSolutionNode = FALSE
	EndGlobalSection
	GlobalSection(ExtensibilityGlobals) = postSolution
		SolutionGuid = {EE125017-D1B1-4B5A-BD9E-D04A7F24FD63}
	EndGlobalSection
EndGlobal
