
Microsoft Visual Studio Solution File, Format Version 12.00
# Visual Studio Version 17
VisualStudioVersion = 17.7.34221.43
MinimumVisualStudioVersion = 10.0.40219.1
Project("{FAE04EC0-301F-11D3-BF4B-00C04F79EFBC}") = "08.Graduation", "08.Graduation.csproj", "{2A73C96F-A2B6-41D9-A16F-F051EA6AA05B}"
EndProject
Global
	GlobalSection(SolutionConfigurationPlatforms) = preSolution
		Debug|Any CPU = Debug|Any CPU
		Release|Any CPU = Release|Any CPU
	EndGlobalSection
	GlobalSection(ProjectConfigurationPlatforms) = postSolution
		{2A73C96F-A2B6-41D9-A16F-F051EA6AA05B}.Debug|Any CPU.ActiveCfg = Debug|Any CPU
		{2A73C96F-A2B6-41D9-A16F-F051EA6AA05B}.Debug|Any CPU.Build.0 = Debug|Any CPU
		{2A73C96F-A2B6-41D9-A16F-F051EA6AA05B}.Release|Any CPU.ActiveCfg = Release|Any CPU
		{2A73C96F-A2B6-41D9-A16F-F051EA6AA05B}.Release|Any CPU.Build.0 = Release|Any CPU
	EndGlobalSection
	GlobalSection(SolutionProperties) = preSolution
		HideSolutionNode = FALSE
	EndGlobalSection
	GlobalSection(ExtensibilityGlobals) = postSolution
		SolutionGuid = {DE3A3218-FF1A-40B5-842B-0D4CD26B85E1}
	EndGlobalSection
EndGlobal
