
Microsoft Visual Studio Solution File, Format Version 12.00
# Visual Studio Version 17
VisualStudioVersion = 17.7.34221.43
MinimumVisualStudioVersion = 10.0.40219.1
Project("{FAE04EC0-301F-11D3-BF4B-00C04F79EFBC}") = "01.Cinema", "01.Cinema.csproj", "{A198AFBD-F70A-48B6-8064-9D218A6FD43B}"
EndProject
Global
	GlobalSection(SolutionConfigurationPlatforms) = preSolution
		Debug|Any CPU = Debug|Any CPU
		Release|Any CPU = Release|Any CPU
	EndGlobalSection
	GlobalSection(ProjectConfigurationPlatforms) = postSolution
		{A198AFBD-F70A-48B6-8064-9D218A6FD43B}.Debug|Any CPU.ActiveCfg = Debug|Any CPU
		{A198AFBD-F70A-48B6-8064-9D218A6FD43B}.Debug|Any CPU.Build.0 = Debug|Any CPU
		{A198AFBD-F70A-48B6-8064-9D218A6FD43B}.Release|Any CPU.ActiveCfg = Release|Any CPU
		{A198AFBD-F70A-48B6-8064-9D218A6FD43B}.Release|Any CPU.Build.0 = Release|Any CPU
	EndGlobalSection
	GlobalSection(SolutionProperties) = preSolution
		HideSolutionNode = FALSE
	EndGlobalSection
	GlobalSection(ExtensibilityGlobals) = postSolution
		SolutionGuid = {15815E54-FB2B-4595-BBC0-E63BB6DFB39A}
	EndGlobalSection
EndGlobal
