
Microsoft Visual Studio Solution File, Format Version 12.00
# Visual Studio Version 17
VisualStudioVersion = 17.7.34221.43
MinimumVisualStudioVersion = 10.0.40219.1
Project("{FAE04EC0-301F-11D3-BF4B-00C04F79EFBC}") = "BonusScore", "BonusScore.csproj", "{DCECB787-6A3E-4F19-BD78-A1C2C75B991E}"
EndProject
Global
	GlobalSection(SolutionConfigurationPlatforms) = preSolution
		Debug|Any CPU = Debug|Any CPU
		Release|Any CPU = Release|Any CPU
	EndGlobalSection
	GlobalSection(ProjectConfigurationPlatforms) = postSolution
		{DCECB787-6A3E-4F19-BD78-A1C2C75B991E}.Debug|Any CPU.ActiveCfg = Debug|Any CPU
		{DCECB787-6A3E-4F19-BD78-A1C2C75B991E}.Debug|Any CPU.Build.0 = Debug|Any CPU
		{DCECB787-6A3E-4F19-BD78-A1C2C75B991E}.Release|Any CPU.ActiveCfg = Release|Any CPU
		{DCECB787-6A3E-4F19-BD78-A1C2C75B991E}.Release|Any CPU.Build.0 = Release|Any CPU
	EndGlobalSection
	GlobalSection(SolutionProperties) = preSolution
		HideSolutionNode = FALSE
	EndGlobalSection
	GlobalSection(ExtensibilityGlobals) = postSolution
		SolutionGuid = {7E591A64-CDEE-4645-8468-E75064EE2A0D}
	EndGlobalSection
EndGlobal
